
Microsoft Visual Studio Solution File, Format Version 12.00
# Visual Studio Version 17
VisualStudioVersion = 17.8.34330.188
MinimumVisualStudioVersion = 10.0.40219.1
Project("{9A19103F-16F7-4668-BE54-9A1E7A4F7556}") = "HelloWorld", "HelloWorld\HelloWorld.csproj", "{5028C4DC-0E2E-42BD-8B21-FBCE08E2E914}"
EndProject
Project("{2150E333-8FDC-42A3-9474-1A3956D46DE8}") = "Solution Items", "Solution Items", "{F087416C-2418-4FE4-A2FA-4B55842FBA1C}"
EndProject
Global
	GlobalSection(SolutionConfigurationPlatforms) = preSolution
		Debug|Any CPU = Debug|Any CPU
		Debug|x64 = Debug|x64
		Debug|x86 = Debug|x86
		Release|Any CPU = Release|Any CPU
		Release|x64 = Release|x64
		Release|x86 = Release|x86
	EndGlobalSection
	GlobalSection(ProjectConfigurationPlatforms) = postSolution
		{5028C4DC-0E2E-42BD-8B21-FBCE08E2E914}.Debug|Any CPU.ActiveCfg = Debug|Any CPU
		{5028C4DC-0E2E-42BD-8B21-FBCE08E2E914}.Debug|Any CPU.Build.0 = Debug|Any CPU
		{5028C4DC-0E2E-42BD-8B21-FBCE08E2E914}.Debug|x64.ActiveCfg = Debug|Any CPU
		{5028C4DC-0E2E-42BD-8B21-FBCE08E2E914}.Debug|x64.Build.0 = Debug|Any CPU
		{5028C4DC-0E2E-42BD-8B21-FBCE08E2E914}.Debug|x86.ActiveCfg = Debug|Any CPU
		{5028C4DC-0E2E-42BD-8B21-FBCE08E2E914}.Debug|x86.Build.0 = Debug|Any CPU
		{5028C4DC-0E2E-42BD-8B21-FBCE08E2E914}.Release|Any CPU.ActiveCfg = Release|Any CPU
		{5028C4DC-0E2E-42BD-8B21-FBCE08E2E914}.Release|Any CPU.Build.0 = Release|Any CPU
		{5028C4DC-0E2E-42BD-8B21-FBCE08E2E914}.Release|x64.ActiveCfg = Release|Any CPU
		{5028C4DC-0E2E-42BD-8B21-FBCE08E2E914}.Release|x64.Build.0 = Release|Any CPU
		{5028C4DC-0E2E-42BD-8B21-FBCE08E2E914}.Release|x86.ActiveCfg = Release|Any CPU
		{5028C4DC-0E2E-42BD-8B21-FBCE08E2E914}.Release|x86.Build.0 = Release|Any CPU
	EndGlobalSection
	GlobalSection(SolutionProperties) = preSolution
		HideSolutionNode = FALSE
	EndGlobalSection
	GlobalSection(ExtensibilityGlobals) = postSolution
		SolutionGuid = {9FA96E8C-FD52-49B7-91B1-7D105C92FDC9}
	EndGlobalSection
EndGlobal
